
Microsoft Visual Studio Solution File, Format Version 12.00
# Visual Studio Version 18
VisualStudioVersion = 18.2.11415.280
MinimumVisualStudioVersion = 10.0.40219.1
Project("{2150E333-8FDC-42A3-9474-1A3956D46DE8}") = "apps", "apps", "{1787FE1D-075E-9E68-7218-25F1BD1BBEAB}"
EndProject
Project("{FAE04EC0-301F-11D3-BF4B-00C04F79EFBC}") = "Concursus.PWA", "apps\Concursus.PWA\Concursus.PWA.csproj", "{E532CDF5-4A48-4B48-9016-1C20B93458C5}"
EndProject
Project("{FAE04EC0-301F-11D3-BF4B-00C04F79EFBC}") = "Concursus.PWA.Tests", "apps\Concursus.PWA.Tests\Concursus.PWA.Tests.csproj", "{66E74449-71CE-4FE8-9522-45765D6C4387}"
EndProject
Project("{2150E333-8FDC-42A3-9474-1A3956D46DE8}") = "libs", "libs", "{6C4D298B-81FB-2B6B-5AB6-46205EDDC72C}"
EndProject
Project("{FAE04EC0-301F-11D3-BF4B-00C04F79EFBC}") = "Concursus.API.Client", "libs\Concursus.API.Client\Concursus.API.Client.csproj", "{4531E316-8636-4D09-840B-FDFE68AFBCC2}"
EndProject
Project("{FAE04EC0-301F-11D3-BF4B-00C04F79EFBC}") = "Concursus.Common.Shared", "libs\Concursus.Common.Shared\Concursus.Common.Shared.csproj", "{ADC4AEB2-9951-452E-A876-58B76573E395}"
EndProject
Project("{FAE04EC0-301F-11D3-BF4B-00C04F79EFBC}") = "Concursus.Components.Shared", "libs\Concursus.Components.Shared\Concursus.Components.Shared.csproj", "{66B24882-B4F3-4595-96A6-7108C8F11C60}"
EndProject
Project("{FAE04EC0-301F-11D3-BF4B-00C04F79EFBC}") = "Concursus.EF", "libs\Concursus.EF\Concursus.EF.csproj", "{C69F1EB4-2CD4-4A53-8405-24A027B50C51}"
EndProject
Project("{2150E333-8FDC-42A3-9474-1A3956D46DE8}") = "services", "services", "{5854FF58-B8C5-05C6-5BF2-ACE42193F22B}"
EndProject
Project("{FAE04EC0-301F-11D3-BF4B-00C04F79EFBC}") = "Concursus.API", "services\Concursus.API\Concursus.API.csproj", "{09344576-9FF5-4FFC-AE9C-36D2525FAD83}"
EndProject
Project("{FAE04EC0-301F-11D3-BF4B-00C04F79EFBC}") = "CymBuild_AIErrorServiceAPI", "services\CymBuild_AIErrorServiceAPI\CymBuild_AIErrorServiceAPI.csproj", "{6EB756D1-39C1-4228-A5FE-DDD6A8C88943}"
EndProject
Project("{FAE04EC0-301F-11D3-BF4B-00C04F79EFBC}") = "CymBuild_Outlook_Addin", "apps\CymBuild_Outlook_Addin\CymBuild_Outlook_Addin.csproj", "{CB25974E-048E-69D3-5A8D-C48C8BC8273E}"
EndProject
Project("{FAE04EC0-301F-11D3-BF4B-00C04F79EFBC}") = "CymBuild_Outlook", "libs\CymBuild_Outlook Manifest\CymBuild_Outlook.csproj", "{5D4ABA8B-5DED-F4A5-F806-CE814C1B9275}"
EndProject
Project("{FAE04EC0-301F-11D3-BF4B-00C04F79EFBC}") = "CymBuild_Outlook_Common", "libs\CymBuild_Outlook_Common\CymBuild_Outlook_Common.csproj", "{A6315263-368A-D20F-3027-34AE94E12FF3}"
EndProject
Project("{FAE04EC0-301F-11D3-BF4B-00C04F79EFBC}") = "CymBuild_Outlook_API", "services\CymBuild_Outlook_API\CymBuild_Outlook_API.csproj", "{A6C6B31B-6ADE-EB47-BAE2-5200926CE108}"
EndProject
Project("{FAE04EC0-301F-11D3-BF4B-00C04F79EFBC}") = "CymBuild_Outlook_Service", "services\CymBuild_Outlook_Service\CymBuild_Outlook_Service.csproj", "{2BFBBC80-DA8D-C54A-0CCC-B02D60061001}"
EndProject
Project("{FAE04EC0-301F-11D3-BF4B-00C04F79EFBC}") = "Concursus.Metadata.Tools", "apps\Concursus.Metadata.Tools\Concursus.Metadata.Tools.csproj", "{2D530426-9F2E-4A61-98B9-BD54CA10AFAD}"
EndProject
Project("{2150E333-8FDC-42A3-9474-1A3956D46DE8}") = "metadata-manifests", "metadata-manifests", "{6D2A126F-E7D4-4693-A6AC-96ADEA24076D}"
EndProject
Project("{2150E333-8FDC-42A3-9474-1A3956D46DE8}") = "v1", "v1", "{121214BC-2082-4266-BB50-204CE5568740}"
EndProject
Project("{2150E333-8FDC-42A3-9474-1A3956D46DE8}") = "families", "families", "{6645F296-B3D0-4338-AAA0-DDE44AE0F248}"
EndProject
Project("{2150E333-8FDC-42A3-9474-1A3956D46DE8}") = "grids", "grids", "{AF31DB11-5A84-48DD-991C-F5BE4ABE4A2B}"
	ProjectSection(SolutionItems) = preProject
		metadata-manifests\v1\families\grids\grids.json = metadata-manifests\v1\families\grids\grids.json
	EndProjectSection
EndProject
Project("{2150E333-8FDC-42A3-9474-1A3956D46DE8}") = "policies", "policies", "{72197DC1-D802-4863-86F9-206084C8EFA8}"
	ProjectSection(SolutionItems) = preProject
		metadata-manifests\v1\policies\allowlist.grids.json = metadata-manifests\v1\policies\allowlist.grids.json
	EndProjectSection
EndProject
Project("{E24C65DC-7377-472B-9ABA-BC803B73C61A}") = "SageAPI", "services\SageAPI\", "{9ADBC56B-D1FA-8F6B-8D25-2D66EC549EB8}"
	ProjectSection(WebsiteProperties) = preProject
		TargetFrameworkMoniker = ".NETFramework,Version%3Dv4.8.1"
		Debug.AspNetCompiler.VirtualPath = "/localhost_64565"
		Debug.AspNetCompiler.PhysicalPath = "services\SageAPI\"
		Debug.AspNetCompiler.TargetPath = "PrecompiledWeb\localhost_64565\"
		Debug.AspNetCompiler.Updateable = "true"
		Debug.AspNetCompiler.ForceOverwrite = "true"
		Debug.AspNetCompiler.FixedNames = "false"
		Debug.AspNetCompiler.Debug = "True"
		Release.AspNetCompiler.VirtualPath = "/localhost_64565"
		Release.AspNetCompiler.PhysicalPath = "services\SageAPI\"
		Release.AspNetCompiler.TargetPath = "PrecompiledWeb\localhost_64565\"
		Release.AspNetCompiler.Updateable = "true"
		Release.AspNetCompiler.ForceOverwrite = "true"
		Release.AspNetCompiler.FixedNames = "false"
		Release.AspNetCompiler.Debug = "False"
		VWDPort = "64565"
		SlnRelativePath = "services\SageAPI\"
	EndProjectSection
EndProject
Global
	GlobalSection(SolutionConfigurationPlatforms) = preSolution
		Debug|Any CPU = Debug|Any CPU
		Debug|x64 = Debug|x64
		Debug|x86 = Debug|x86
		Release|Any CPU = Release|Any CPU
		Release|x64 = Release|x64
		Release|x86 = Release|x86
	EndGlobalSection
	GlobalSection(ProjectConfigurationPlatforms) = postSolution
		{E532CDF5-4A48-4B48-9016-1C20B93458C5}.Debug|Any CPU.ActiveCfg = Debug|Any CPU
		{E532CDF5-4A48-4B48-9016-1C20B93458C5}.Debug|Any CPU.Build.0 = Debug|Any CPU
		{E532CDF5-4A48-4B48-9016-1C20B93458C5}.Debug|x64.ActiveCfg = Debug|Any CPU
		{E532CDF5-4A48-4B48-9016-1C20B93458C5}.Debug|x64.Build.0 = Debug|Any CPU
		{E532CDF5-4A48-4B48-9016-1C20B93458C5}.Debug|x86.ActiveCfg = Debug|Any CPU
		{E532CDF5-4A48-4B48-9016-1C20B93458C5}.Debug|x86.Build.0 = Debug|Any CPU
		{E532CDF5-4A48-4B48-9016-1C20B93458C5}.Release|Any CPU.ActiveCfg = Release|Any CPU
		{E532CDF5-4A48-4B48-9016-1C20B93458C5}.Release|Any CPU.Build.0 = Release|Any CPU
		{E532CDF5-4A48-4B48-9016-1C20B93458C5}.Release|x64.ActiveCfg = Release|Any CPU
		{E532CDF5-4A48-4B48-9016-1C20B93458C5}.Release|x64.Build.0 = Release|Any CPU
		{E532CDF5-4A48-4B48-9016-1C20B93458C5}.Release|x86.ActiveCfg = Release|Any CPU
		{E532CDF5-4A48-4B48-9016-1C20B93458C5}.Release|x86.Build.0 = Release|Any CPU
		{66E74449-71CE-4FE8-9522-45765D6C4387}.Debug|Any CPU.ActiveCfg = Debug|Any CPU
		{66E74449-71CE-4FE8-9522-45765D6C4387}.Debug|Any CPU.Build.0 = Debug|Any CPU
		{66E74449-71CE-4FE8-9522-45765D6C4387}.Debug|x64.ActiveCfg = Debug|Any CPU
		{66E74449-71CE-4FE8-9522-45765D6C4387}.Debug|x64.Build.0 = Debug|Any CPU
		{66E74449-71CE-4FE8-9522-45765D6C4387}.Debug|x86.ActiveCfg = Debug|Any CPU
		{66E74449-71CE-4FE8-9522-45765D6C4387}.Debug|x86.Build.0 = Debug|Any CPU
		{66E74449-71CE-4FE8-9522-45765D6C4387}.Release|Any CPU.ActiveCfg = Release|Any CPU
		{66E74449-71CE-4FE8-9522-45765D6C4387}.Release|Any CPU.Build.0 = Release|Any CPU
		{66E74449-71CE-4FE8-9522-45765D6C4387}.Release|x64.ActiveCfg = Release|Any CPU
		{66E74449-71CE-4FE8-9522-45765D6C4387}.Release|x64.Build.0 = Release|Any CPU
		{66E74449-71CE-4FE8-9522-45765D6C4387}.Release|x86.ActiveCfg = Release|Any CPU
		{66E74449-71CE-4FE8-9522-45765D6C4387}.Release|x86.Build.0 = Release|Any CPU
		{4531E316-8636-4D09-840B-FDFE68AFBCC2}.Debug|Any CPU.ActiveCfg = Debug|Any CPU
		{4531E316-8636-4D09-840B-FDFE68AFBCC2}.Debug|Any CPU.Build.0 = Debug|Any CPU
		{4531E316-8636-4D09-840B-FDFE68AFBCC2}.Debug|x64.ActiveCfg = Debug|Any CPU
		{4531E316-8636-4D09-840B-FDFE68AFBCC2}.Debug|x64.Build.0 = Debug|Any CPU
		{4531E316-8636-4D09-840B-FDFE68AFBCC2}.Debug|x86.ActiveCfg = Debug|Any CPU
		{4531E316-8636-4D09-840B-FDFE68AFBCC2}.Debug|x86.Build.0 = Debug|Any CPU
		{4531E316-8636-4D09-840B-FDFE68AFBCC2}.Release|Any CPU.ActiveCfg = Release|Any CPU
		{4531E316-8636-4D09-840B-FDFE68AFBCC2}.Release|Any CPU.Build.0 = Release|Any CPU
		{4531E316-8636-4D09-840B-FDFE68AFBCC2}.Release|x64.ActiveCfg = Release|Any CPU
		{4531E316-8636-4D09-840B-FDFE68AFBCC2}.Release|x64.Build.0 = Release|Any CPU
		{4531E316-8636-4D09-840B-FDFE68AFBCC2}.Release|x86.ActiveCfg = Release|Any CPU
		{4531E316-8636-4D09-840B-FDFE68AFBCC2}.Release|x86.Build.0 = Release|Any CPU
		{ADC4AEB2-9951-452E-A876-58B76573E395}.Debug|Any CPU.ActiveCfg = Debug|Any CPU
		{ADC4AEB2-9951-452E-A876-58B76573E395}.Debug|Any CPU.Build.0 = Debug|Any CPU
		{ADC4AEB2-9951-452E-A876-58B76573E395}.Debug|x64.ActiveCfg = Debug|Any CPU
		{ADC4AEB2-9951-452E-A876-58B76573E395}.Debug|x64.Build.0 = Debug|Any CPU
		{ADC4AEB2-9951-452E-A876-58B76573E395}.Debug|x86.ActiveCfg = Debug|Any CPU
		{ADC4AEB2-9951-452E-A876-58B76573E395}.Debug|x86.Build.0 = Debug|Any CPU
		{ADC4AEB2-9951-452E-A876-58B76573E395}.Release|Any CPU.ActiveCfg = Release|Any CPU
		{ADC4AEB2-9951-452E-A876-58B76573E395}.Release|Any CPU.Build.0 = Release|Any CPU
		{ADC4AEB2-9951-452E-A876-58B76573E395}.Release|x64.ActiveCfg = Release|Any CPU
		{ADC4AEB2-9951-452E-A876-58B76573E395}.Release|x64.Build.0 = Release|Any CPU
		{ADC4AEB2-9951-452E-A876-58B76573E395}.Release|x86.ActiveCfg = Release|Any CPU
		{ADC4AEB2-9951-452E-A876-58B76573E395}.Release|x86.Build.0 = Release|Any CPU
		{66B24882-B4F3-4595-96A6-7108C8F11C60}.Debug|Any CPU.ActiveCfg = Debug|Any CPU
		{66B24882-B4F3-4595-96A6-7108C8F11C60}.Debug|Any CPU.Build.0 = Debug|Any CPU
		{66B24882-B4F3-4595-96A6-7108C8F11C60}.Debug|x64.ActiveCfg = Debug|Any CPU
		{66B24882-B4F3-4595-96A6-7108C8F11C60}.Debug|x64.Build.0 = Debug|Any CPU
		{66B24882-B4F3-4595-96A6-7108C8F11C60}.Debug|x86.ActiveCfg = Debug|Any CPU
		{66B24882-B4F3-4595-96A6-7108C8F11C60}.Debug|x86.Build.0 = Debug|Any CPU
		{66B24882-B4F3-4595-96A6-7108C8F11C60}.Release|Any CPU.ActiveCfg = Release|Any CPU
		{66B24882-B4F3-4595-96A6-7108C8F11C60}.Release|Any CPU.Build.0 = Release|Any CPU
		{66B24882-B4F3-4595-96A6-7108C8F11C60}.Release|x64.ActiveCfg = Release|Any CPU
		{66B24882-B4F3-4595-96A6-7108C8F11C60}.Release|x64.Build.0 = Release|Any CPU
		{66B24882-B4F3-4595-96A6-7108C8F11C60}.Release|x86.ActiveCfg = Release|Any CPU
		{66B24882-B4F3-4595-96A6-7108C8F11C60}.Release|x86.Build.0 = Release|Any CPU
		{C69F1EB4-2CD4-4A53-8405-24A027B50C51}.Debug|Any CPU.ActiveCfg = Debug|Any CPU
		{C69F1EB4-2CD4-4A53-8405-24A027B50C51}.Debug|Any CPU.Build.0 = Debug|Any CPU
		{C69F1EB4-2CD4-4A53-8405-24A027B50C51}.Debug|x64.ActiveCfg = Debug|Any CPU
		{C69F1EB4-2CD4-4A53-8405-24A027B50C51}.Debug|x64.Build.0 = Debug|Any CPU
		{C69F1EB4-2CD4-4A53-8405-24A027B50C51}.Debug|x86.ActiveCfg = Debug|Any CPU
		{C69F1EB4-2CD4-4A53-8405-24A027B50C51}.Debug|x86.Build.0 = Debug|Any CPU
		{C69F1EB4-2CD4-4A53-8405-24A027B50C51}.Release|Any CPU.ActiveCfg = Release|Any CPU
		{C69F1EB4-2CD4-4A53-8405-24A027B50C51}.Release|Any CPU.Build.0 = Release|Any CPU
		{C69F1EB4-2CD4-4A53-8405-24A027B50C51}.Release|x64.ActiveCfg = Release|Any CPU
		{C69F1EB4-2CD4-4A53-8405-24A027B50C51}.Release|x64.Build.0 = Release|Any CPU
		{C69F1EB4-2CD4-4A53-8405-24A027B50C51}.Release|x86.ActiveCfg = Release|Any CPU
		{C69F1EB4-2CD4-4A53-8405-24A027B50C51}.Release|x86.Build.0 = Release|Any CPU
		{09344576-9FF5-4FFC-AE9C-36D2525FAD83}.Debug|Any CPU.ActiveCfg = Debug|Any CPU
		{09344576-9FF5-4FFC-AE9C-36D2525FAD83}.Debug|Any CPU.Build.0 = Debug|Any CPU
		{09344576-9FF5-4FFC-AE9C-36D2525FAD83}.Debug|x64.ActiveCfg = Debug|Any CPU
		{09344576-9FF5-4FFC-AE9C-36D2525FAD83}.Debug|x64.Build.0 = Debug|Any CPU
		{09344576-9FF5-4FFC-AE9C-36D2525FAD83}.Debug|x86.ActiveCfg = Debug|Any CPU
		{09344576-9FF5-4FFC-AE9C-36D2525FAD83}.Debug|x86.Build.0 = Debug|Any CPU
		{09344576-9FF5-4FFC-AE9C-36D2525FAD83}.Release|Any CPU.ActiveCfg = Release|Any CPU
		{09344576-9FF5-4FFC-AE9C-36D2525FAD83}.Release|Any CPU.Build.0 = Release|Any CPU
		{09344576-9FF5-4FFC-AE9C-36D2525FAD83}.Release|x64.ActiveCfg = Release|Any CPU
		{09344576-9FF5-4FFC-AE9C-36D2525FAD83}.Release|x64.Build.0 = Release|Any CPU
		{09344576-9FF5-4FFC-AE9C-36D2525FAD83}.Release|x86.ActiveCfg = Release|Any CPU
		{09344576-9FF5-4FFC-AE9C-36D2525FAD83}.Release|x86.Build.0 = Release|Any CPU
		{6EB756D1-39C1-4228-A5FE-DDD6A8C88943}.Debug|Any CPU.ActiveCfg = Debug|Any CPU
		{6EB756D1-39C1-4228-A5FE-DDD6A8C88943}.Debug|Any CPU.Build.0 = Debug|Any CPU
		{6EB756D1-39C1-4228-A5FE-DDD6A8C88943}.Debug|x64.ActiveCfg = Debug|Any CPU
		{6EB756D1-39C1-4228-A5FE-DDD6A8C88943}.Debug|x64.Build.0 = Debug|Any CPU
		{6EB756D1-39C1-4228-A5FE-DDD6A8C88943}.Debug|x86.ActiveCfg = Debug|Any CPU
		{6EB756D1-39C1-4228-A5FE-DDD6A8C88943}.Debug|x86.Build.0 = Debug|Any CPU
		{6EB756D1-39C1-4228-A5FE-DDD6A8C88943}.Release|Any CPU.ActiveCfg = Release|Any CPU
		{6EB756D1-39C1-4228-A5FE-DDD6A8C88943}.Release|Any CPU.Build.0 = Release|Any CPU
		{6EB756D1-39C1-4228-A5FE-DDD6A8C88943}.Release|x64.ActiveCfg = Release|Any CPU
		{6EB756D1-39C1-4228-A5FE-DDD6A8C88943}.Release|x64.Build.0 = Release|Any CPU
		{6EB756D1-39C1-4228-A5FE-DDD6A8C88943}.Release|x86.ActiveCfg = Release|Any CPU
		{6EB756D1-39C1-4228-A5FE-DDD6A8C88943}.Release|x86.Build.0 = Release|Any CPU
		{CB25974E-048E-69D3-5A8D-C48C8BC8273E}.Debug|Any CPU.ActiveCfg = Debug|Any CPU
		{CB25974E-048E-69D3-5A8D-C48C8BC8273E}.Debug|Any CPU.Build.0 = Debug|Any CPU
		{CB25974E-048E-69D3-5A8D-C48C8BC8273E}.Debug|x64.ActiveCfg = Debug|Any CPU
		{CB25974E-048E-69D3-5A8D-C48C8BC8273E}.Debug|x64.Build.0 = Debug|Any CPU
		{CB25974E-048E-69D3-5A8D-C48C8BC8273E}.Debug|x86.ActiveCfg = Debug|Any CPU
		{CB25974E-048E-69D3-5A8D-C48C8BC8273E}.Debug|x86.Build.0 = Debug|Any CPU
		{CB25974E-048E-69D3-5A8D-C48C8BC8273E}.Release|Any CPU.ActiveCfg = Release|Any CPU
		{CB25974E-048E-69D3-5A8D-C48C8BC8273E}.Release|Any CPU.Build.0 = Release|Any CPU
		{CB25974E-048E-69D3-5A8D-C48C8BC8273E}.Release|x64.ActiveCfg = Release|Any CPU
		{CB25974E-048E-69D3-5A8D-C48C8BC8273E}.Release|x64.Build.0 = Release|Any CPU
		{CB25974E-048E-69D3-5A8D-C48C8BC8273E}.Release|x86.ActiveCfg = Release|Any CPU
		{CB25974E-048E-69D3-5A8D-C48C8BC8273E}.Release|x86.Build.0 = Release|Any CPU
		{5D4ABA8B-5DED-F4A5-F806-CE814C1B9275}.Debug|Any CPU.ActiveCfg = Debug|Any CPU
		{5D4ABA8B-5DED-F4A5-F806-CE814C1B9275}.Debug|Any CPU.Build.0 = Debug|Any CPU
		{5D4ABA8B-5DED-F4A5-F806-CE814C1B9275}.Debug|x64.ActiveCfg = Debug|Any CPU
		{5D4ABA8B-5DED-F4A5-F806-CE814C1B9275}.Debug|x64.Build.0 = Debug|Any CPU
		{5D4ABA8B-5DED-F4A5-F806-CE814C1B9275}.Debug|x86.ActiveCfg = Debug|Any CPU
		{5D4ABA8B-5DED-F4A5-F806-CE814C1B9275}.Debug|x86.Build.0 = Debug|Any CPU
		{5D4ABA8B-5DED-F4A5-F806-CE814C1B9275}.Release|Any CPU.ActiveCfg = Release|Any CPU
		{5D4ABA8B-5DED-F4A5-F806-CE814C1B9275}.Release|Any CPU.Build.0 = Release|Any CPU
		{5D4ABA8B-5DED-F4A5-F806-CE814C1B9275}.Release|x64.ActiveCfg = Release|Any CPU
		{5D4ABA8B-5DED-F4A5-F806-CE814C1B9275}.Release|x64.Build.0 = Release|Any CPU
		{5D4ABA8B-5DED-F4A5-F806-CE814C1B9275}.Release|x86.ActiveCfg = Release|Any CPU
		{5D4ABA8B-5DED-F4A5-F806-CE814C1B9275}.Release|x86.Build.0 = Release|Any CPU
		{A6315263-368A-D20F-3027-34AE94E12FF3}.Debug|Any CPU.ActiveCfg = Debug|Any CPU
		{A6315263-368A-D20F-3027-34AE94E12FF3}.Debug|Any CPU.Build.0 = Debug|Any CPU
		{A6315263-368A-D20F-3027-34AE94E12FF3}.Debug|x64.ActiveCfg = Debug|Any CPU
		{A6315263-368A-D20F-3027-34AE94E12FF3}.Debug|x64.Build.0 = Debug|Any CPU
		{A6315263-368A-D20F-3027-34AE94E12FF3}.Debug|x86.ActiveCfg = Debug|Any CPU
		{A6315263-368A-D20F-3027-34AE94E12FF3}.Debug|x86.Build.0 = Debug|Any CPU
		{A6315263-368A-D20F-3027-34AE94E12FF3}.Release|Any CPU.ActiveCfg = Release|Any CPU
		{A6315263-368A-D20F-3027-34AE94E12FF3}.Release|Any CPU.Build.0 = Release|Any CPU
		{A6315263-368A-D20F-3027-34AE94E12FF3}.Release|x64.ActiveCfg = Release|Any CPU
		{A6315263-368A-D20F-3027-34AE94E12FF3}.Release|x64.Build.0 = Release|Any CPU
		{A6315263-368A-D20F-3027-34AE94E12FF3}.Release|x86.ActiveCfg = Release|Any CPU
		{A6315263-368A-D20F-3027-34AE94E12FF3}.Release|x86.Build.0 = Release|Any CPU
		{A6C6B31B-6ADE-EB47-BAE2-5200926CE108}.Debug|Any CPU.ActiveCfg = Debug|Any CPU
		{A6C6B31B-6ADE-EB47-BAE2-5200926CE108}.Debug|Any CPU.Build.0 = Debug|Any CPU
		{A6C6B31B-6ADE-EB47-BAE2-5200926CE108}.Debug|x64.ActiveCfg = Debug|Any CPU
		{A6C6B31B-6ADE-EB47-BAE2-5200926CE108}.Debug|x64.Build.0 = Debug|Any CPU
		{A6C6B31B-6ADE-EB47-BAE2-5200926CE108}.Debug|x86.ActiveCfg = Debug|Any CPU
		{A6C6B31B-6ADE-EB47-BAE2-5200926CE108}.Debug|x86.Build.0 = Debug|Any CPU
		{A6C6B31B-6ADE-EB47-BAE2-5200926CE108}.Release|Any CPU.ActiveCfg = Release|Any CPU
		{A6C6B31B-6ADE-EB47-BAE2-5200926CE108}.Release|Any CPU.Build.0 = Release|Any CPU
		{A6C6B31B-6ADE-EB47-BAE2-5200926CE108}.Release|x64.ActiveCfg = Release|Any CPU
		{A6C6B31B-6ADE-EB47-BAE2-5200926CE108}.Release|x64.Build.0 = Release|Any CPU
		{A6C6B31B-6ADE-EB47-BAE2-5200926CE108}.Release|x86.ActiveCfg = Release|Any CPU
		{A6C6B31B-6ADE-EB47-BAE2-5200926CE108}.Release|x86.Build.0 = Release|Any CPU
		{2BFBBC80-DA8D-C54A-0CCC-B02D60061001}.Debug|Any CPU.ActiveCfg = Debug|Any CPU
		{2BFBBC80-DA8D-C54A-0CCC-B02D60061001}.Debug|Any CPU.Build.0 = Debug|Any CPU
		{2BFBBC80-DA8D-C54A-0CCC-B02D60061001}.Debug|x64.ActiveCfg = Debug|Any CPU
		{2BFBBC80-DA8D-C54A-0CCC-B02D60061001}.Debug|x64.Build.0 = Debug|Any CPU
		{2BFBBC80-DA8D-C54A-0CCC-B02D60061001}.Debug|x86.ActiveCfg = Debug|Any CPU
		{2BFBBC80-DA8D-C54A-0CCC-B02D60061001}.Debug|x86.Build.0 = Debug|Any CPU
		{2BFBBC80-DA8D-C54A-0CCC-B02D60061001}.Release|Any CPU.ActiveCfg = Release|Any CPU
		{2BFBBC80-DA8D-C54A-0CCC-B02D60061001}.Release|Any CPU.Build.0 = Release|Any CPU
		{2BFBBC80-DA8D-C54A-0CCC-B02D60061001}.Release|x64.ActiveCfg = Release|Any CPU
		{2BFBBC80-DA8D-C54A-0CCC-B02D60061001}.Release|x64.Build.0 = Release|Any CPU
		{2BFBBC80-DA8D-C54A-0CCC-B02D60061001}.Release|x86.ActiveCfg = Release|Any CPU
		{2BFBBC80-DA8D-C54A-0CCC-B02D60061001}.Release|x86.Build.0 = Release|Any CPU
		{2D530426-9F2E-4A61-98B9-BD54CA10AFAD}.Debug|Any CPU.ActiveCfg = Debug|Any CPU
		{2D530426-9F2E-4A61-98B9-BD54CA10AFAD}.Debug|Any CPU.Build.0 = Debug|Any CPU
		{2D530426-9F2E-4A61-98B9-BD54CA10AFAD}.Debug|x64.ActiveCfg = Debug|Any CPU
		{2D530426-9F2E-4A61-98B9-BD54CA10AFAD}.Debug|x64.Build.0 = Debug|Any CPU
		{2D530426-9F2E-4A61-98B9-BD54CA10AFAD}.Debug|x86.ActiveCfg = Debug|Any CPU
		{2D530426-9F2E-4A61-98B9-BD54CA10AFAD}.Debug|x86.Build.0 = Debug|Any CPU
		{2D530426-9F2E-4A61-98B9-BD54CA10AFAD}.Release|Any CPU.ActiveCfg = Release|Any CPU
		{2D530426-9F2E-4A61-98B9-BD54CA10AFAD}.Release|Any CPU.Build.0 = Release|Any CPU
		{2D530426-9F2E-4A61-98B9-BD54CA10AFAD}.Release|x64.ActiveCfg = Release|Any CPU
		{2D530426-9F2E-4A61-98B9-BD54CA10AFAD}.Release|x64.Build.0 = Release|Any CPU
		{2D530426-9F2E-4A61-98B9-BD54CA10AFAD}.Release|x86.ActiveCfg = Release|Any CPU
		{2D530426-9F2E-4A61-98B9-BD54CA10AFAD}.Release|x86.Build.0 = Release|Any CPU
		{9ADBC56B-D1FA-8F6B-8D25-2D66EC549EB8}.Debug|Any CPU.ActiveCfg = Debug|Any CPU
		{9ADBC56B-D1FA-8F6B-8D25-2D66EC549EB8}.Debug|Any CPU.Build.0 = Debug|Any CPU
		{9ADBC56B-D1FA-8F6B-8D25-2D66EC549EB8}.Debug|x64.ActiveCfg = Debug|Any CPU
		{9ADBC56B-D1FA-8F6B-8D25-2D66EC549EB8}.Debug|x64.Build.0 = Debug|Any CPU
		{9ADBC56B-D1FA-8F6B-8D25-2D66EC549EB8}.Debug|x86.ActiveCfg = Debug|Any CPU
		{9ADBC56B-D1FA-8F6B-8D25-2D66EC549EB8}.Debug|x86.Build.0 = Debug|Any CPU
		{9ADBC56B-D1FA-8F6B-8D25-2D66EC549EB8}.Release|Any CPU.ActiveCfg = Debug|Any CPU
		{9ADBC56B-D1FA-8F6B-8D25-2D66EC549EB8}.Release|Any CPU.Build.0 = Debug|Any CPU
		{9ADBC56B-D1FA-8F6B-8D25-2D66EC549EB8}.Release|x64.ActiveCfg = Debug|Any CPU
		{9ADBC56B-D1FA-8F6B-8D25-2D66EC549EB8}.Release|x64.Build.0 = Debug|Any CPU
		{9ADBC56B-D1FA-8F6B-8D25-2D66EC549EB8}.Release|x86.ActiveCfg = Debug|Any CPU
		{9ADBC56B-D1FA-8F6B-8D25-2D66EC549EB8}.Release|x86.Build.0 = Debug|Any CPU
	EndGlobalSection
	GlobalSection(SolutionProperties) = preSolution
		HideSolutionNode = FALSE
	EndGlobalSection
	GlobalSection(NestedProjects) = preSolution
		{E532CDF5-4A48-4B48-9016-1C20B93458C5} = {1787FE1D-075E-9E68-7218-25F1BD1BBEAB}
		{66E74449-71CE-4FE8-9522-45765D6C4387} = {1787FE1D-075E-9E68-7218-25F1BD1BBEAB}
		{4531E316-8636-4D09-840B-FDFE68AFBCC2} = {6C4D298B-81FB-2B6B-5AB6-46205EDDC72C}
		{ADC4AEB2-9951-452E-A876-58B76573E395} = {6C4D298B-81FB-2B6B-5AB6-46205EDDC72C}
		{66B24882-B4F3-4595-96A6-7108C8F11C60} = {6C4D298B-81FB-2B6B-5AB6-46205EDDC72C}
		{C69F1EB4-2CD4-4A53-8405-24A027B50C51} = {6C4D298B-81FB-2B6B-5AB6-46205EDDC72C}
		{09344576-9FF5-4FFC-AE9C-36D2525FAD83} = {5854FF58-B8C5-05C6-5BF2-ACE42193F22B}
		{6EB756D1-39C1-4228-A5FE-DDD6A8C88943} = {5854FF58-B8C5-05C6-5BF2-ACE42193F22B}
		{CB25974E-048E-69D3-5A8D-C48C8BC8273E} = {1787FE1D-075E-9E68-7218-25F1BD1BBEAB}
		{5D4ABA8B-5DED-F4A5-F806-CE814C1B9275} = {6C4D298B-81FB-2B6B-5AB6-46205EDDC72C}
		{A6315263-368A-D20F-3027-34AE94E12FF3} = {6C4D298B-81FB-2B6B-5AB6-46205EDDC72C}
		{A6C6B31B-6ADE-EB47-BAE2-5200926CE108} = {5854FF58-B8C5-05C6-5BF2-ACE42193F22B}
		{2BFBBC80-DA8D-C54A-0CCC-B02D60061001} = {5854FF58-B8C5-05C6-5BF2-ACE42193F22B}
		{2D530426-9F2E-4A61-98B9-BD54CA10AFAD} = {1787FE1D-075E-9E68-7218-25F1BD1BBEAB}
		{121214BC-2082-4266-BB50-204CE5568740} = {6D2A126F-E7D4-4693-A6AC-96ADEA24076D}
		{6645F296-B3D0-4338-AAA0-DDE44AE0F248} = {121214BC-2082-4266-BB50-204CE5568740}
		{AF31DB11-5A84-48DD-991C-F5BE4ABE4A2B} = {6645F296-B3D0-4338-AAA0-DDE44AE0F248}
		{72197DC1-D802-4863-86F9-206084C8EFA8} = {121214BC-2082-4266-BB50-204CE5568740}
		{9ADBC56B-D1FA-8F6B-8D25-2D66EC549EB8} = {5854FF58-B8C5-05C6-5BF2-ACE42193F22B}
	EndGlobalSection
	GlobalSection(ExtensibilityGlobals) = postSolution
		SolutionGuid = {3C256640-B315-4914-8CBE-04A4CCF0F59B}
	EndGlobalSection
EndGlobal
