
Microsoft Visual Studio Solution File, Format Version 12.00
# Visual Studio Version 17
VisualStudioVersion = 17.9.34728.123
MinimumVisualStudioVersion = 10.0.40219.1
Project("{9A19103F-16F7-4668-BE54-9A1E7A4F7556}") = "Concursus.Common.Shared", "Concursus.Common.Shared.csproj", "{C45C8347-08AC-44A3-B360-75DCB15986B6}"
EndProject
Global
	GlobalSection(SolutionConfigurationPlatforms) = preSolution
		Debug|Any CPU = Debug|Any CPU
		Release|Any CPU = Release|Any CPU
	EndGlobalSection
	GlobalSection(ProjectConfigurationPlatforms) = postSolution
		{C45C8347-08AC-44A3-B360-75DCB15986B6}.Debug|Any CPU.ActiveCfg = Debug|Any CPU
		{C45C8347-08AC-44A3-B360-75DCB15986B6}.Debug|Any CPU.Build.0 = Debug|Any CPU
		{C45C8347-08AC-44A3-B360-75DCB15986B6}.Release|Any CPU.ActiveCfg = Release|Any CPU
		{C45C8347-08AC-44A3-B360-75DCB15986B6}.Release|Any CPU.Build.0 = Release|Any CPU
	EndGlobalSection
	GlobalSection(SolutionProperties) = preSolution
		HideSolutionNode = FALSE
	EndGlobalSection
	GlobalSection(ExtensibilityGlobals) = postSolution
		SolutionGuid = {B8F42B49-F34E-48BC-B974-69DF314A88BF}
	EndGlobalSection
EndGlobal
